{
    "_readme": [
        "This file locks the dependencies of your project to a known state",
        "Read more about it at http://getcomposer.org/doc/01-basic-usage.md#composer-lock-the-lock-file",
        "This file is @generated automatically"
    ],
    "hash": "473e4b6b415299a23c54be927572d1ee",
    "packages": [
        {
            "name": "php-activerecord/php-activerecord",
            "version": "dev-master",
            "source": {
                "type": "git",
                "url": "https://github.com/jpfuentes2/php-activerecord.git",
                "reference": "b2ed6fc64ef35c88fd30d71091df0d0765719901"
            },
            "dist": {
                "type": "zip",
                "url": "https://api.github.com/repos/jpfuentes2/php-activerecord/zipball/b2ed6fc64ef35c88fd30d71091df0d0765719901",
                "reference": "b2ed6fc64ef35c88fd30d71091df0d0765719901",
                "shasum": ""
            },
            "require": {
                "php": ">=5.3.0"
            },
            "require-dev": {
                "pear/log": "~1.12",
                "pear/pear_exception": "1.0-beta1",
                "phpunit/phpunit": "3.7.*"
            },
            "type": "library",
            "autoload": {
                "files": [
                    "ActiveRecord.php"
                ]
            },
            "notification-url": "https://packagist.org/downloads/",
            "license": [
                "MIT"
            ],
            "description": "php-activerecord is an open source ORM library based on the ActiveRecord pattern.",
            "homepage": "http://www.phpactiverecord.org/",
            "keywords": [
                "activerecord",
                "orm"
            ],
            "time": "2015-01-17 23:49:21"
        },
        {
            "name": "symfony/var-dumper",
            "version": "dev-master",
            "source": {
                "type": "git",
                "url": "https://github.com/symfony/var-dumper.git",
                "reference": "9b2a4d16f39ff8615c53ea160926c030e1fcc759"
            },
            "dist": {
                "type": "zip",
                "url": "https://api.github.com/repos/symfony/var-dumper/zipball/9b2a4d16f39ff8615c53ea160926c030e1fcc759",
                "reference": "9b2a4d16f39ff8615c53ea160926c030e1fcc759",
                "shasum": ""
            },
            "require": {
                "php": ">=5.5.9"
            },
            "require-dev": {
                "symfony/phpunit-bridge": "~2.8|~3.0"
            },
            "suggest": {
                "ext-symfony_debug": ""
            },
            "type": "library",
            "extra": {
                "branch-alias": {
                    "dev-master": "3.0-dev"
                }
            },
            "autoload": {
                "files": [
                    "Resources/functions/dump.php"
                ],
                "psr-4": {
                    "Symfony\\Component\\VarDumper\\": ""
                }
            },
            "notification-url": "https://packagist.org/downloads/",
            "license": [
                "MIT"
            ],
            "authors": [
                {
                    "name": "Nicolas Grekas",
                    "email": "p@tchwork.com"
                },
                {
                    "name": "Symfony Community",
                    "homepage": "https://symfony.com/contributors"
                }
            ],
            "description": "Symfony mechanism for exploring and dumping PHP variables",
            "homepage": "https://symfony.com",
            "keywords": [
                "debug",
                "dump"
            ],
            "time": "2015-05-12 15:48:43"
        },
        {
            "name": "tadeubarbosa/teed-php-frame",
            "version": "dev-master",
            "source": {
                "type": "git",
                "url": "https://github.com/tadeubarbosa/teed-php-frame.git",
                "reference": "ff45a584c3154c58ac8a66afe2275300f8e6d148"
            },
            "dist": {
                "type": "zip",
                "url": "https://api.github.com/repos/tadeubarbosa/teed-php-frame/zipball/ff45a584c3154c58ac8a66afe2275300f8e6d148",
                "reference": "ff45a584c3154c58ac8a66afe2275300f8e6d148",
                "shasum": ""
            },
            "type": "library",
            "autoload": {
                "psr-4": {
                    "": "src/"
                },
                "classmap": [
                    "src/Traits/",
                    "src/Helpers/",
                    "src/Brain/",
                    "src/Engine/"
                ]
            },
            "notification-url": "https://packagist.org/downloads/",
            "authors": [
                {
                    "name": "Tadeu Barbosa",
                    "email": "tadeufbarbosa@gmail.com"
                }
            ],
            "time": "2015-05-13 05:27:37"
        }
    ],
    "packages-dev": [],
    "aliases": [],
    "minimum-stability": "dev",
    "stability-flags": {
        "php-activerecord/php-activerecord": 20,
        "tadeubarbosa/teed-php-frame": 20
    },
    "prefer-stable": false,
    "prefer-lowest": false,
    "platform": [],
    "platform-dev": []
}
